
Microsoft Visual Studio Solution File, Format Version 12.00
# Visual Studio Version 17
VisualStudioVersion = 17.6.33829.357
MinimumVisualStudioVersion = 10.0.40219.1
Project("{FAE04EC0-301F-11D3-BF4B-00C04F79EFBC}") = "Homework", "Homework\Homework.csproj", "{40779F70-2072-4DC3-8C5E-965F6BA199FF}"
EndProject
Global
	GlobalSection(SolutionConfigurationPlatforms) = preSolution
		Debug|Any CPU = Debug|Any CPU
		Release|Any CPU = Release|Any CPU
	EndGlobalSection
	GlobalSection(ProjectConfigurationPlatforms) = postSolution
		{40779F70-2072-4DC3-8C5E-965F6BA199FF}.Debug|Any CPU.ActiveCfg = Debug|Any CPU
		{40779F70-2072-4DC3-8C5E-965F6BA199FF}.Debug|Any CPU.Build.0 = Debug|Any CPU
		{40779F70-2072-4DC3-8C5E-965F6BA199FF}.Release|Any CPU.ActiveCfg = Release|Any CPU
		{40779F70-2072-4DC3-8C5E-965F6BA199FF}.Release|Any CPU.Build.0 = Release|Any CPU
	EndGlobalSection
	GlobalSection(SolutionProperties) = preSolution
		HideSolutionNode = FALSE
	EndGlobalSection
	GlobalSection(ExtensibilityGlobals) = postSolution
		SolutionGuid = {E05FA45E-6C5D-4BFC-A2C6-CB50296B861A}
	EndGlobalSection
EndGlobal
