
Microsoft Visual Studio Solution File, Format Version 12.00
# Visual Studio Version 17
VisualStudioVersion = 17.6.33815.320
MinimumVisualStudioVersion = 10.0.40219.1
Project("{FAE04EC0-301F-11D3-BF4B-00C04F79EFBC}") = "OOP_Advanced_Homework", "OOP_Advanced_Homework\OOP_Advanced_Homework.csproj", "{76ADE4BC-742F-4483-B93C-5DBA8FDFB008}"
EndProject
Global
	GlobalSection(SolutionConfigurationPlatforms) = preSolution
		Debug|Any CPU = Debug|Any CPU
		Release|Any CPU = Release|Any CPU
	EndGlobalSection
	GlobalSection(ProjectConfigurationPlatforms) = postSolution
		{76ADE4BC-742F-4483-B93C-5DBA8FDFB008}.Debug|Any CPU.ActiveCfg = Debug|Any CPU
		{76ADE4BC-742F-4483-B93C-5DBA8FDFB008}.Debug|Any CPU.Build.0 = Debug|Any CPU
		{76ADE4BC-742F-4483-B93C-5DBA8FDFB008}.Release|Any CPU.ActiveCfg = Release|Any CPU
		{76ADE4BC-742F-4483-B93C-5DBA8FDFB008}.Release|Any CPU.Build.0 = Release|Any CPU
	EndGlobalSection
	GlobalSection(SolutionProperties) = preSolution
		HideSolutionNode = FALSE
	EndGlobalSection
	GlobalSection(ExtensibilityGlobals) = postSolution
		SolutionGuid = {1F65C11D-1D90-4444-9F71-7F85673E76D3}
	EndGlobalSection
EndGlobal
