
Microsoft Visual Studio Solution File, Format Version 12.00
# Visual Studio Version 17
VisualStudioVersion = 17.6.33829.357
MinimumVisualStudioVersion = 10.0.40219.1
Project("{FAE04EC0-301F-11D3-BF4B-00C04F79EFBC}") = "NuGet", "NuGet\NuGet.csproj", "{FFEAEEF0-76DB-4D82-84FC-D88E931F0C39}"
EndProject
Global
	GlobalSection(SolutionConfigurationPlatforms) = preSolution
		Debug|Any CPU = Debug|Any CPU
		Release|Any CPU = Release|Any CPU
	EndGlobalSection
	GlobalSection(ProjectConfigurationPlatforms) = postSolution
		{FFEAEEF0-76DB-4D82-84FC-D88E931F0C39}.Debug|Any CPU.ActiveCfg = Debug|Any CPU
		{FFEAEEF0-76DB-4D82-84FC-D88E931F0C39}.Debug|Any CPU.Build.0 = Debug|Any CPU
		{FFEAEEF0-76DB-4D82-84FC-D88E931F0C39}.Release|Any CPU.ActiveCfg = Release|Any CPU
		{FFEAEEF0-76DB-4D82-84FC-D88E931F0C39}.Release|Any CPU.Build.0 = Release|Any CPU
	EndGlobalSection
	GlobalSection(SolutionProperties) = preSolution
		HideSolutionNode = FALSE
	EndGlobalSection
	GlobalSection(ExtensibilityGlobals) = postSolution
		SolutionGuid = {87CFA407-E959-442C-BAAE-F23717C245DC}
	EndGlobalSection
EndGlobal
