
Microsoft Visual Studio Solution File, Format Version 12.00
# Visual Studio Version 17
VisualStudioVersion = 17.6.33815.320
MinimumVisualStudioVersion = 10.0.40219.1
Project("{FAE04EC0-301F-11D3-BF4B-00C04F79EFBC}") = "Loop1", "Loop1\Loop1.csproj", "{4C239F20-DF15-47D0-9E0F-C5D75C20E5E4}"
EndProject
Global
	GlobalSection(SolutionConfigurationPlatforms) = preSolution
		Debug|Any CPU = Debug|Any CPU
		Release|Any CPU = Release|Any CPU
	EndGlobalSection
	GlobalSection(ProjectConfigurationPlatforms) = postSolution
		{4C239F20-DF15-47D0-9E0F-C5D75C20E5E4}.Debug|Any CPU.ActiveCfg = Debug|Any CPU
		{4C239F20-DF15-47D0-9E0F-C5D75C20E5E4}.Debug|Any CPU.Build.0 = Debug|Any CPU
		{4C239F20-DF15-47D0-9E0F-C5D75C20E5E4}.Release|Any CPU.ActiveCfg = Release|Any CPU
		{4C239F20-DF15-47D0-9E0F-C5D75C20E5E4}.Release|Any CPU.Build.0 = Release|Any CPU
	EndGlobalSection
	GlobalSection(SolutionProperties) = preSolution
		HideSolutionNode = FALSE
	EndGlobalSection
	GlobalSection(ExtensibilityGlobals) = postSolution
		SolutionGuid = {4D2324EC-F473-461D-8656-0818F3078403}
	EndGlobalSection
EndGlobal
